# This file is automatically @generated by Cargo.
# It is not intended for manual editing.
version = 4

[[package]]
name = "crumb-cli"
version = "0.1.0"
dependencies = [
 "crumb-platform",
 "crumb-repl",
]

[[package]]
name = "crumb-core"
version = "0.1.0"

[[package]]
name = "crumb-platform"
version = "0.1.0"

[[package]]
name = "crumb-repl"
version = "0.1.0"
dependencies = [
 "crumb-core",
 "crumb-platform",
]
